// !$*UTF8*$!
{
	archiveVersion = 1;
	classes = {
	};
	objectVersion = 55;
	objects = {

/* Begin PBXBuildFile section */
		04443204279541440021E182 /* AppDelegate.swift in Sources */ = {isa = PBXBuildFile; fileRef = 04443203279541440021E182 /* AppDelegate.swift */; };
		04443206279541440021E182 /* SceneDelegate.swift in Sources */ = {isa = PBXBuildFile; fileRef = 04443205279541440021E182 /* SceneDelegate.swift */; };
		04443208279541440021E182 /* TaskListViewController.swift in Sources */ = {isa = PBXBuildFile; fileRef = 04443207279541440021E182 /* TaskListViewController.swift */; };
		0444320B279541440021E182 /* Main.storyboard in Resources */ = {isa = PBXBuildFile; fileRef = 04443209279541440021E182 /* Main.storyboard */; };
		0444320D2795414C0021E182 /* Assets.xcassets in Resources */ = {isa = PBXBuildFile; fileRef = 0444320C2795414C0021E182 /* Assets.xcassets */; };
		044432102795414C0021E182 /* LaunchScreen.storyboard in Resources */ = {isa = PBXBuildFile; fileRef = 0444320E2795414C0021E182 /* LaunchScreen.storyboard */; };
		0444321B2795414C0021E182 /* ToDoAppTests.swift in Sources */ = {isa = PBXBuildFile; fileRef = 0444321A2795414C0021E182 /* ToDoAppTests.swift */; };
		044432252795414C0021E182 /* ToDoAppUITests.swift in Sources */ = {isa = PBXBuildFile; fileRef = 044432242795414C0021E182 /* ToDoAppUITests.swift */; };
		044432272795414C0021E182 /* ToDoAppUITestsLaunchTests.swift in Sources */ = {isa = PBXBuildFile; fileRef = 044432262795414C0021E182 /* ToDoAppUITestsLaunchTests.swift */; };
		0444323B2795438F0021E182 /* TaskTests.swift in Sources */ = {isa = PBXBuildFile; fileRef = 0444323A2795438F0021E182 /* TaskTests.swift */; };
		0444323E279543FC0021E182 /* Task.swift in Sources */ = {isa = PBXBuildFile; fileRef = 0444323D279543FC0021E182 /* Task.swift */; };
		04443240279547580021E182 /* Location.swift in Sources */ = {isa = PBXBuildFile; fileRef = 0444323F279547580021E182 /* Location.swift */; };
		04443242279549950021E182 /* LocationTests.swift in Sources */ = {isa = PBXBuildFile; fileRef = 04443241279549940021E182 /* LocationTests.swift */; };
		0444324527954DD70021E182 /* TaskManagerTests.swift in Sources */ = {isa = PBXBuildFile; fileRef = 0444324427954DD70021E182 /* TaskManagerTests.swift */; };
		0444324827954E390021E182 /* TaskManager.swift in Sources */ = {isa = PBXBuildFile; fileRef = 0444324727954E390021E182 /* TaskManager.swift */; };
		0444324B27957B860021E182 /* TaskListViewControllerTests.swift in Sources */ = {isa = PBXBuildFile; fileRef = 0444324A27957B860021E182 /* TaskListViewControllerTests.swift */; };
		0444324D2795810D0021E182 /* DataProvider.swift in Sources */ = {isa = PBXBuildFile; fileRef = 0444324C2795810D0021E182 /* DataProvider.swift */; };
		0444324F279587590021E182 /* DataProviderTests.swift in Sources */ = {isa = PBXBuildFile; fileRef = 0444324E279587590021E182 /* DataProviderTests.swift */; };
		0444325127958C750021E182 /* TaskCell.swift in Sources */ = {isa = PBXBuildFile; fileRef = 0444325027958C750021E182 /* TaskCell.swift */; };
/* End PBXBuildFile section */

/* Begin PBXContainerItemProxy section */
		044432172795414C0021E182 /* PBXContainerItemProxy */ = {
			isa = PBXContainerItemProxy;
			containerPortal = 044431F8279541440021E182 /* Project object */;
			proxyType = 1;
			remoteGlobalIDString = 044431FF279541440021E182;
			remoteInfo = ToDoApp;
		};
		044432212795414C0021E182 /* PBXContainerItemProxy */ = {
			isa = PBXContainerItemProxy;
			containerPortal = 044431F8279541440021E182 /* Project object */;
			proxyType = 1;
			remoteGlobalIDString = 044431FF279541440021E182;
			remoteInfo = ToDoApp;
		};
/* End PBXContainerItemProxy section */

/* Begin PBXFileReference section */
		04443200279541440021E182 /* ToDoApp.app */ = {isa = PBXFileReference; explicitFileType = wrapper.application; includeInIndex = 0; path = ToDoApp.app; sourceTree = BUILT_PRODUCTS_DIR; };
		04443203279541440021E182 /* AppDelegate.swift */ = {isa = PBXFileReference; lastKnownFileType = sourcecode.swift; path = AppDelegate.swift; sourceTree = "<group>"; };
		04443205279541440021E182 /* SceneDelegate.swift */ = {isa = PBXFileReference; lastKnownFileType = sourcecode.swift; path = SceneDelegate.swift; sourceTree = "<group>"; };
		04443207279541440021E182 /* TaskListViewController.swift */ = {isa = PBXFileReference; lastKnownFileType = sourcecode.swift; path = TaskListViewController.swift; sourceTree = "<group>"; };
		0444320A279541440021E182 /* Base */ = {isa = PBXFileReference; lastKnownFileType = file.storyboard; name = Base; path = Base.lproj/Main.storyboard; sourceTree = "<group>"; };
		0444320C2795414C0021E182 /* Assets.xcassets */ = {isa = PBXFileReference; lastKnownFileType = folder.assetcatalog; path = Assets.xcassets; sourceTree = "<group>"; };
		0444320F2795414C0021E182 /* Base */ = {isa = PBXFileReference; lastKnownFileType = file.storyboard; name = Base; path = Base.lproj/LaunchScreen.storyboard; sourceTree = "<group>"; };
		044432112795414C0021E182 /* Info.plist */ = {isa = PBXFileReference; lastKnownFileType = text.plist.xml; path = Info.plist; sourceTree = "<group>"; };
		044432162795414C0021E182 /* ToDoAppTests.xctest */ = {isa = PBXFileReference; explicitFileType = wrapper.cfbundle; includeInIndex = 0; path = ToDoAppTests.xctest; sourceTree = BUILT_PRODUCTS_DIR; };
		0444321A2795414C0021E182 /* ToDoAppTests.swift */ = {isa = PBXFileReference; lastKnownFileType = sourcecode.swift; path = ToDoAppTests.swift; sourceTree = "<group>"; };
		044432202795414C0021E182 /* ToDoAppUITests.xctest */ = {isa = PBXFileReference; explicitFileType = wrapper.cfbundle; includeInIndex = 0; path = ToDoAppUITests.xctest; sourceTree = BUILT_PRODUCTS_DIR; };
		044432242795414C0021E182 /* ToDoAppUITests.swift */ = {isa = PBXFileReference; lastKnownFileType = sourcecode.swift; path = ToDoAppUITests.swift; sourceTree = "<group>"; };
		044432262795414C0021E182 /* ToDoAppUITestsLaunchTests.swift */ = {isa = PBXFileReference; lastKnownFileType = sourcecode.swift; path = ToDoAppUITestsLaunchTests.swift; sourceTree = "<group>"; };
		0444323A2795438F0021E182 /* TaskTests.swift */ = {isa = PBXFileReference; lastKnownFileType = sourcecode.swift; path = TaskTests.swift; sourceTree = "<group>"; };
		0444323D279543FC0021E182 /* Task.swift */ = {isa = PBXFileReference; lastKnownFileType = sourcecode.swift; path = Task.swift; sourceTree = "<group>"; };
		0444323F279547580021E182 /* Location.swift */ = {isa = PBXFileReference; lastKnownFileType = sourcecode.swift; path = Location.swift; sourceTree = "<group>"; };
		04443241279549940021E182 /* LocationTests.swift */ = {isa = PBXFileReference; lastKnownFileType = sourcecode.swift; path = LocationTests.swift; sourceTree = "<group>"; };
		0444324427954DD70021E182 /* TaskManagerTests.swift */ = {isa = PBXFileReference; lastKnownFileType = sourcecode.swift; path = TaskManagerTests.swift; sourceTree = "<group>"; };
		0444324727954E390021E182 /* TaskManager.swift */ = {isa = PBXFileReference; lastKnownFileType = sourcecode.swift; path = TaskManager.swift; sourceTree = "<group>"; };
		0444324A27957B860021E182 /* TaskListViewControllerTests.swift */ = {isa = PBXFileReference; lastKnownFileType = sourcecode.swift; path = TaskListViewControllerTests.swift; sourceTree = "<group>"; };
		0444324C2795810D0021E182 /* DataProvider.swift */ = {isa = PBXFileReference; lastKnownFileType = sourcecode.swift; path = DataProvider.swift; sourceTree = "<group>"; };
		0444324E279587590021E182 /* DataProviderTests.swift */ = {isa = PBXFileReference; lastKnownFileType = sourcecode.swift; path = DataProviderTests.swift; sourceTree = "<group>"; };
		0444325027958C750021E182 /* TaskCell.swift */ = {isa = PBXFileReference; lastKnownFileType = sourcecode.swift; path = TaskCell.swift; sourceTree = "<group>"; };
/* End PBXFileReference section */

/* Begin PBXFrameworksBuildPhase section */
		044431FD279541440021E182 /* Frameworks */ = {
			isa = PBXFrameworksBuildPhase;
			buildActionMask = 2147483647;
			files = (
			);
			runOnlyForDeploymentPostprocessing = 0;
		};
		044432132795414C0021E182 /* Frameworks */ = {
			isa = PBXFrameworksBuildPhase;
			buildActionMask = 2147483647;
			files = (
			);
			runOnlyForDeploymentPostprocessing = 0;
		};
		0444321D2795414C0021E182 /* Frameworks */ = {
			isa = PBXFrameworksBuildPhase;
			buildActionMask = 2147483647;
			files = (
			);
			runOnlyForDeploymentPostprocessing = 0;
		};
/* End PBXFrameworksBuildPhase section */

/* Begin PBXGroup section */
		044431F7279541440021E182 = {
			isa = PBXGroup;
			children = (
				04443202279541440021E182 /* ToDoApp */,
				044432192795414C0021E182 /* ToDoAppTests */,
				044432232795414C0021E182 /* ToDoAppUITests */,
				04443201279541440021E182 /* Products */,
			);
			sourceTree = "<group>";
		};
		04443201279541440021E182 /* Products */ = {
			isa = PBXGroup;
			children = (
				04443200279541440021E182 /* ToDoApp.app */,
				044432162795414C0021E182 /* ToDoAppTests.xctest */,
				044432202795414C0021E182 /* ToDoAppUITests.xctest */,
			);
			name = Products;
			sourceTree = "<group>";
		};
		04443202279541440021E182 /* ToDoApp */ = {
			isa = PBXGroup;
			children = (
				0444324627954E270021E182 /* Manager */,
				04443239279541920021E182 /* Supporting */,
				04443237279541860021E182 /* Controller */,
				044432352795416B0021E182 /* View */,
				04443233279541590021E182 /* Model */,
			);
			path = ToDoApp;
			sourceTree = "<group>";
		};
		044432192795414C0021E182 /* ToDoAppTests */ = {
			isa = PBXGroup;
			children = (
				0444324927957B6C0021E182 /* Controller */,
				0444324327954DB80021E182 /* Manager */,
				0444321A2795414C0021E182 /* ToDoAppTests.swift */,
				0444323C279543990021E182 /* Model */,
			);
			path = ToDoAppTests;
			sourceTree = "<group>";
		};
		044432232795414C0021E182 /* ToDoAppUITests */ = {
			isa = PBXGroup;
			children = (
				044432242795414C0021E182 /* ToDoAppUITests.swift */,
				044432262795414C0021E182 /* ToDoAppUITestsLaunchTests.swift */,
			);
			path = ToDoAppUITests;
			sourceTree = "<group>";
		};
		04443233279541590021E182 /* Model */ = {
			isa = PBXGroup;
			children = (
				0444323D279543FC0021E182 /* Task.swift */,
				0444323F279547580021E182 /* Location.swift */,
			);
			path = Model;
			sourceTree = "<group>";
		};
		044432352795416B0021E182 /* View */ = {
			isa = PBXGroup;
			children = (
				0444325027958C750021E182 /* TaskCell.swift */,
			);
			path = View;
			sourceTree = "<group>";
		};
		04443237279541860021E182 /* Controller */ = {
			isa = PBXGroup;
			children = (
				04443207279541440021E182 /* TaskListViewController.swift */,
				0444324C2795810D0021E182 /* DataProvider.swift */,
			);
			path = Controller;
			sourceTree = "<group>";
		};
		04443239279541920021E182 /* Supporting */ = {
			isa = PBXGroup;
			children = (
				04443203279541440021E182 /* AppDelegate.swift */,
				04443205279541440021E182 /* SceneDelegate.swift */,
				04443209279541440021E182 /* Main.storyboard */,
				0444320C2795414C0021E182 /* Assets.xcassets */,
				0444320E2795414C0021E182 /* LaunchScreen.storyboard */,
				044432112795414C0021E182 /* Info.plist */,
			);
			path = Supporting;
			sourceTree = "<group>";
		};
		0444323C279543990021E182 /* Model */ = {
			isa = PBXGroup;
			children = (
				0444323A2795438F0021E182 /* TaskTests.swift */,
				04443241279549940021E182 /* LocationTests.swift */,
			);
			path = Model;
			sourceTree = "<group>";
		};
		0444324327954DB80021E182 /* Manager */ = {
			isa = PBXGroup;
			children = (
				0444324427954DD70021E182 /* TaskManagerTests.swift */,
			);
			path = Manager;
			sourceTree = "<group>";
		};
		0444324627954E270021E182 /* Manager */ = {
			isa = PBXGroup;
			children = (
				0444324727954E390021E182 /* TaskManager.swift */,
			);
			path = Manager;
			sourceTree = "<group>";
		};
		0444324927957B6C0021E182 /* Controller */ = {
			isa = PBXGroup;
			children = (
				0444324A27957B860021E182 /* TaskListViewControllerTests.swift */,
				0444324E279587590021E182 /* DataProviderTests.swift */,
			);
			path = Controller;
			sourceTree = "<group>";
		};
/* End PBXGroup section */

/* Begin PBXNativeTarget section */
		044431FF279541440021E182 /* ToDoApp */ = {
			isa = PBXNativeTarget;
			buildConfigurationList = 0444322A2795414C0021E182 /* Build configuration list for PBXNativeTarget "ToDoApp" */;
			buildPhases = (
				044431FC279541440021E182 /* Sources */,
				044431FD279541440021E182 /* Frameworks */,
				044431FE279541440021E182 /* Resources */,
			);
			buildRules = (
			);
			dependencies = (
			);
			name = ToDoApp;
			productName = ToDoApp;
			productReference = 04443200279541440021E182 /* ToDoApp.app */;
			productType = "com.apple.product-type.application";
		};
		044432152795414C0021E182 /* ToDoAppTests */ = {
			isa = PBXNativeTarget;
			buildConfigurationList = 0444322D2795414C0021E182 /* Build configuration list for PBXNativeTarget "ToDoAppTests" */;
			buildPhases = (
				044432122795414C0021E182 /* Sources */,
				044432132795414C0021E182 /* Frameworks */,
				044432142795414C0021E182 /* Resources */,
			);
			buildRules = (
			);
			dependencies = (
				044432182795414C0021E182 /* PBXTargetDependency */,
			);
			name = ToDoAppTests;
			productName = ToDoAppTests;
			productReference = 044432162795414C0021E182 /* ToDoAppTests.xctest */;
			productType = "com.apple.product-type.bundle.unit-test";
		};
		0444321F2795414C0021E182 /* ToDoAppUITests */ = {
			isa = PBXNativeTarget;
			buildConfigurationList = 044432302795414C0021E182 /* Build configuration list for PBXNativeTarget "ToDoAppUITests" */;
			buildPhases = (
				0444321C2795414C0021E182 /* Sources */,
				0444321D2795414C0021E182 /* Frameworks */,
				0444321E2795414C0021E182 /* Resources */,
			);
			buildRules = (
			);
			dependencies = (
				044432222795414C0021E182 /* PBXTargetDependency */,
			);
			name = ToDoAppUITests;
			productName = ToDoAppUITests;
			productReference = 044432202795414C0021E182 /* ToDoAppUITests.xctest */;
			productType = "com.apple.product-type.bundle.ui-testing";
		};
/* End PBXNativeTarget section */

/* Begin PBXProject section */
		044431F8279541440021E182 /* Project object */ = {
			isa = PBXProject;
			attributes = {
				BuildIndependentTargetsInParallel = 1;
				LastSwiftUpdateCheck = 1300;
				LastUpgradeCheck = 1300;
				TargetAttributes = {
					044431FF279541440021E182 = {
						CreatedOnToolsVersion = 13.0;
					};
					044432152795414C0021E182 = {
						CreatedOnToolsVersion = 13.0;
						TestTargetID = 044431FF279541440021E182;
					};
					0444321F2795414C0021E182 = {
						CreatedOnToolsVersion = 13.0;
						TestTargetID = 044431FF279541440021E182;
					};
				};
			};
			buildConfigurationList = 044431FB279541440021E182 /* Build configuration list for PBXProject "ToDoApp" */;
			compatibilityVersion = "Xcode 13.0";
			developmentRegion = en;
			hasScannedForEncodings = 0;
			knownRegions = (
				en,
				Base,
			);
			mainGroup = 044431F7279541440021E182;
			productRefGroup = 04443201279541440021E182 /* Products */;
			projectDirPath = "";
			projectRoot = "";
			targets = (
				044431FF279541440021E182 /* ToDoApp */,
				044432152795414C0021E182 /* ToDoAppTests */,
				0444321F2795414C0021E182 /* ToDoAppUITests */,
			);
		};
/* End PBXProject section */

/* Begin PBXResourcesBuildPhase section */
		044431FE279541440021E182 /* Resources */ = {
			isa = PBXResourcesBuildPhase;
			buildActionMask = 2147483647;
			files = (
				044432102795414C0021E182 /* LaunchScreen.storyboard in Resources */,
				0444320D2795414C0021E182 /* Assets.xcassets in Resources */,
				0444320B279541440021E182 /* Main.storyboard in Resources */,
			);
			runOnlyForDeploymentPostprocessing = 0;
		};
		044432142795414C0021E182 /* Resources */ = {
			isa = PBXResourcesBuildPhase;
			buildActionMask = 2147483647;
			files = (
			);
			runOnlyForDeploymentPostprocessing = 0;
		};
		0444321E2795414C0021E182 /* Resources */ = {
			isa = PBXResourcesBuildPhase;
			buildActionMask = 2147483647;
			files = (
			);
			runOnlyForDeploymentPostprocessing = 0;
		};
/* End PBXResourcesBuildPhase section */

/* Begin PBXSourcesBuildPhase section */
		044431FC279541440021E182 /* Sources */ = {
			isa = PBXSourcesBuildPhase;
			buildActionMask = 2147483647;
			files = (
				0444324827954E390021E182 /* TaskManager.swift in Sources */,
				0444323E279543FC0021E182 /* Task.swift in Sources */,
				04443208279541440021E182 /* TaskListViewController.swift in Sources */,
				0444324D2795810D0021E182 /* DataProvider.swift in Sources */,
				0444325127958C750021E182 /* TaskCell.swift in Sources */,
				04443240279547580021E182 /* Location.swift in Sources */,
				04443204279541440021E182 /* AppDelegate.swift in Sources */,
				04443206279541440021E182 /* SceneDelegate.swift in Sources */,
			);
			runOnlyForDeploymentPostprocessing = 0;
		};
		044432122795414C0021E182 /* Sources */ = {
			isa = PBXSourcesBuildPhase;
			buildActionMask = 2147483647;
			files = (
				0444323B2795438F0021E182 /* TaskTests.swift in Sources */,
				04443242279549950021E182 /* LocationTests.swift in Sources */,
				0444324F279587590021E182 /* DataProviderTests.swift in Sources */,
				0444324527954DD70021E182 /* TaskManagerTests.swift in Sources */,
				0444324B27957B860021E182 /* TaskListViewControllerTests.swift in Sources */,
				0444321B2795414C0021E182 /* ToDoAppTests.swift in Sources */,
			);
			runOnlyForDeploymentPostprocessing = 0;
		};
		0444321C2795414C0021E182 /* Sources */ = {
			isa = PBXSourcesBuildPhase;
			buildActionMask = 2147483647;
			files = (
				044432272795414C0021E182 /* ToDoAppUITestsLaunchTests.swift in Sources */,
				044432252795414C0021E182 /* ToDoAppUITests.swift in Sources */,
			);
			runOnlyForDeploymentPostprocessing = 0;
		};
/* End PBXSourcesBuildPhase section */

/* Begin PBXTargetDependency section */
		044432182795414C0021E182 /* PBXTargetDependency */ = {
			isa = PBXTargetDependency;
			target = 044431FF279541440021E182 /* ToDoApp */;
			targetProxy = 044432172795414C0021E182 /* PBXContainerItemProxy */;
		};
		044432222795414C0021E182 /* PBXTargetDependency */ = {
			isa = PBXTargetDependency;
			target = 044431FF279541440021E182 /* ToDoApp */;
			targetProxy = 044432212795414C0021E182 /* PBXContainerItemProxy */;
		};
/* End PBXTargetDependency section */

/* Begin PBXVariantGroup section */
		04443209279541440021E182 /* Main.storyboard */ = {
			isa = PBXVariantGroup;
			children = (
				0444320A279541440021E182 /* Base */,
			);
			name = Main.storyboard;
			sourceTree = "<group>";
		};
		0444320E2795414C0021E182 /* LaunchScreen.storyboard */ = {
			isa = PBXVariantGroup;
			children = (
				0444320F2795414C0021E182 /* Base */,
			);
			name = LaunchScreen.storyboard;
			sourceTree = "<group>";
		};
/* End PBXVariantGroup section */

/* Begin XCBuildConfiguration section */
		044432282795414C0021E182 /* Debug */ = {
			isa = XCBuildConfiguration;
			buildSettings = {
				ALWAYS_SEARCH_USER_PATHS = NO;
				CLANG_ANALYZER_NONNULL = YES;
				CLANG_ANALYZER_NUMBER_OBJECT_CONVERSION = YES_AGGRESSIVE;
				CLANG_CXX_LANGUAGE_STANDARD = "gnu++17";
				CLANG_CXX_LIBRARY = "libc++";
				CLANG_ENABLE_MODULES = YES;
				CLANG_ENABLE_OBJC_ARC = YES;
				CLANG_ENABLE_OBJC_WEAK = YES;
				CLANG_WARN_BLOCK_CAPTURE_AUTORELEASING = YES;
				CLANG_WARN_BOOL_CONVERSION = YES;
				CLANG_WARN_COMMA = YES;
				CLANG_WARN_CONSTANT_CONVERSION = YES;
				CLANG_WARN_DEPRECATED_OBJC_IMPLEMENTATIONS = YES;
				CLANG_WARN_DIRECT_OBJC_ISA_USAGE = YES_ERROR;
				CLANG_WARN_DOCUMENTATION_COMMENTS = YES;
				CLANG_WARN_EMPTY_BODY = YES;
				CLANG_WARN_ENUM_CONVERSION = YES;
				CLANG_WARN_INFINITE_RECURSION = YES;
				CLANG_WARN_INT_CONVERSION = YES;
				CLANG_WARN_NON_LITERAL_NULL_CONVERSION = YES;
				CLANG_WARN_OBJC_IMPLICIT_RETAIN_SELF = YES;
				CLANG_WARN_OBJC_LITERAL_CONVERSION = YES;
				CLANG_WARN_OBJC_ROOT_CLASS = YES_ERROR;
				CLANG_WARN_QUOTED_INCLUDE_IN_FRAMEWORK_HEADER = YES;
				CLANG_WARN_RANGE_LOOP_ANALYSIS = YES;
				CLANG_WARN_STRICT_PROTOTYPES = YES;
				CLANG_WARN_SUSPICIOUS_MOVE = YES;
				CLANG_WARN_UNGUARDED_AVAILABILITY = YES_AGGRESSIVE;
				CLANG_WARN_UNREACHABLE_CODE = YES;
				CLANG_WARN__DUPLICATE_METHOD_MATCH = YES;
				COPY_PHASE_STRIP = NO;
				DEBUG_INFORMATION_FORMAT = dwarf;
				ENABLE_STRICT_OBJC_MSGSEND = YES;
				ENABLE_TESTABILITY = YES;
				GCC_C_LANGUAGE_STANDARD = gnu11;
				GCC_DYNAMIC_NO_PIC = NO;
				GCC_NO_COMMON_BLOCKS = YES;
				GCC_OPTIMIZATION_LEVEL = 0;
				GCC_PREPROCESSOR_DEFINITIONS = (
					"DEBUG=1",
					"$(inherited)",
				);
				GCC_WARN_64_TO_32_BIT_CONVERSION = YES;
				GCC_WARN_ABOUT_RETURN_TYPE = YES_ERROR;
				GCC_WARN_UNDECLARED_SELECTOR = YES;
				GCC_WARN_UNINITIALIZED_AUTOS = YES_AGGRESSIVE;
				GCC_WARN_UNUSED_FUNCTION = YES;
				GCC_WARN_UNUSED_VARIABLE = YES;
				IPHONEOS_DEPLOYMENT_TARGET = 15.0;
				MTL_ENABLE_DEBUG_INFO = INCLUDE_SOURCE;
				MTL_FAST_MATH = YES;
				ONLY_ACTIVE_ARCH = YES;
				SDKROOT = iphoneos;
				SWIFT_ACTIVE_COMPILATION_CONDITIONS = DEBUG;
				SWIFT_OPTIMIZATION_LEVEL = "-Onone";
			};
			name = Debug;
		};
		044432292795414C0021E182 /* Release */ = {
			isa = XCBuildConfiguration;
			buildSettings = {
				ALWAYS_SEARCH_USER_PATHS = NO;
				CLANG_ANALYZER_NONNULL = YES;
				CLANG_ANALYZER_NUMBER_OBJECT_CONVERSION = YES_AGGRESSIVE;
				CLANG_CXX_LANGUAGE_STANDARD = "gnu++17";
				CLANG_CXX_LIBRARY = "libc++";
				CLANG_ENABLE_MODULES = YES;
				CLANG_ENABLE_OBJC_ARC = YES;
				CLANG_ENABLE_OBJC_WEAK = YES;
				CLANG_WARN_BLOCK_CAPTURE_AUTORELEASING = YES;
				CLANG_WARN_BOOL_CONVERSION = YES;
				CLANG_WARN_COMMA = YES;
				CLANG_WARN_CONSTANT_CONVERSION = YES;
				CLANG_WARN_DEPRECATED_OBJC_IMPLEMENTATIONS = YES;
				CLANG_WARN_DIRECT_OBJC_ISA_USAGE = YES_ERROR;
				CLANG_WARN_DOCUMENTATION_COMMENTS = YES;
				CLANG_WARN_EMPTY_BODY = YES;
				CLANG_WARN_ENUM_CONVERSION = YES;
				CLANG_WARN_INFINITE_RECURSION = YES;
				CLANG_WARN_INT_CONVERSION = YES;
				CLANG_WARN_NON_LITERAL_NULL_CONVERSION = YES;
				CLANG_WARN_OBJC_IMPLICIT_RETAIN_SELF = YES;
				CLANG_WARN_OBJC_LITERAL_CONVERSION = YES;
				CLANG_WARN_OBJC_ROOT_CLASS = YES_ERROR;
				CLANG_WARN_QUOTED_INCLUDE_IN_FRAMEWORK_HEADER = YES;
				CLANG_WARN_RANGE_LOOP_ANALYSIS = YES;
				CLANG_WARN_STRICT_PROTOTYPES = YES;
				CLANG_WARN_SUSPICIOUS_MOVE = YES;
				CLANG_WARN_UNGUARDED_AVAILABILITY = YES_AGGRESSIVE;
				CLANG_WARN_UNREACHABLE_CODE = YES;
				CLANG_WARN__DUPLICATE_METHOD_MATCH = YES;
				COPY_PHASE_STRIP = NO;
				DEBUG_INFORMATION_FORMAT = "dwarf-with-dsym";
				ENABLE_NS_ASSERTIONS = NO;
				ENABLE_STRICT_OBJC_MSGSEND = YES;
				GCC_C_LANGUAGE_STANDARD = gnu11;
				GCC_NO_COMMON_BLOCKS = YES;
				GCC_WARN_64_TO_32_BIT_CONVERSION = YES;
				GCC_WARN_ABOUT_RETURN_TYPE = YES_ERROR;
				GCC_WARN_UNDECLARED_SELECTOR = YES;
				GCC_WARN_UNINITIALIZED_AUTOS = YES_AGGRESSIVE;
				GCC_WARN_UNUSED_FUNCTION = YES;
				GCC_WARN_UNUSED_VARIABLE = YES;
				IPHONEOS_DEPLOYMENT_TARGET = 15.0;
				MTL_ENABLE_DEBUG_INFO = NO;
				MTL_FAST_MATH = YES;
				SDKROOT = iphoneos;
				SWIFT_COMPILATION_MODE = wholemodule;
				SWIFT_OPTIMIZATION_LEVEL = "-O";
				VALIDATE_PRODUCT = YES;
			};
			name = Release;
		};
		0444322B2795414C0021E182 /* Debug */ = {
			isa = XCBuildConfiguration;
			buildSettings = {
				ASSETCATALOG_COMPILER_APPICON_NAME = AppIcon;
				ASSETCATALOG_COMPILER_GLOBAL_ACCENT_COLOR_NAME = AccentColor;
				CODE_SIGN_STYLE = Automatic;
				CURRENT_PROJECT_VERSION = 1;
				DEVELOPMENT_TEAM = JCX8Z993GT;
				GENERATE_INFOPLIST_FILE = YES;
				INFOPLIST_FILE = ToDoApp/Supporting/Info.plist;
				INFOPLIST_KEY_UIApplicationSupportsIndirectInputEvents = YES;
				INFOPLIST_KEY_UILaunchStoryboardName = LaunchScreen;
				INFOPLIST_KEY_UIMainStoryboardFile = Main;
				INFOPLIST_KEY_UISupportedInterfaceOrientations_iPad = "UIInterfaceOrientationPortrait UIInterfaceOrientationPortraitUpsideDown UIInterfaceOrientationLandscapeLeft UIInterfaceOrientationLandscapeRight";
				INFOPLIST_KEY_UISupportedInterfaceOrientations_iPhone = "UIInterfaceOrientationPortrait UIInterfaceOrientationLandscapeLeft UIInterfaceOrientationLandscapeRight";
				LD_RUNPATH_SEARCH_PATHS = (
					"$(inherited)",
					"@executable_path/Frameworks",
				);
				MARKETING_VERSION = 1.0;
				PRODUCT_BUNDLE_IDENTIFIER = AB.bavcom.ToDoApp;
				PRODUCT_NAME = "$(TARGET_NAME)";
				SWIFT_EMIT_LOC_STRINGS = YES;
				SWIFT_VERSION = 5.0;
				TARGETED_DEVICE_FAMILY = "1,2";
			};
			name = Debug;
		};
		0444322C2795414C0021E182 /* Release */ = {
			isa = XCBuildConfiguration;
			buildSettings = {
				ASSETCATALOG_COMPILER_APPICON_NAME = AppIcon;
				ASSETCATALOG_COMPILER_GLOBAL_ACCENT_COLOR_NAME = AccentColor;
				CODE_SIGN_STYLE = Automatic;
				CURRENT_PROJECT_VERSION = 1;
				DEVELOPMENT_TEAM = JCX8Z993GT;
				GENERATE_INFOPLIST_FILE = YES;
				INFOPLIST_FILE = ToDoApp/Supporting/Info.plist;
				INFOPLIST_KEY_UIApplicationSupportsIndirectInputEvents = YES;
				INFOPLIST_KEY_UILaunchStoryboardName = LaunchScreen;
				INFOPLIST_KEY_UIMainStoryboardFile = Main;
				INFOPLIST_KEY_UISupportedInterfaceOrientations_iPad = "UIInterfaceOrientationPortrait UIInterfaceOrientationPortraitUpsideDown UIInterfaceOrientationLandscapeLeft UIInterfaceOrientationLandscapeRight";
				INFOPLIST_KEY_UISupportedInterfaceOrientations_iPhone = "UIInterfaceOrientationPortrait UIInterfaceOrientationLandscapeLeft UIInterfaceOrientationLandscapeRight";
				LD_RUNPATH_SEARCH_PATHS = (
					"$(inherited)",
					"@executable_path/Frameworks",
				);
				MARKETING_VERSION = 1.0;
				PRODUCT_BUNDLE_IDENTIFIER = AB.bavcom.ToDoApp;
				PRODUCT_NAME = "$(TARGET_NAME)";
				SWIFT_EMIT_LOC_STRINGS = YES;
				SWIFT_VERSION = 5.0;
				TARGETED_DEVICE_FAMILY = "1,2";
			};
			name = Release;
		};
		0444322E2795414C0021E182 /* Debug */ = {
			isa = XCBuildConfiguration;
			buildSettings = {
				ALWAYS_EMBED_SWIFT_STANDARD_LIBRARIES = YES;
				BUNDLE_LOADER = "$(TEST_HOST)";
				CODE_SIGN_STYLE = Automatic;
				CURRENT_PROJECT_VERSION = 1;
				DEVELOPMENT_TEAM = JCX8Z993GT;
				GENERATE_INFOPLIST_FILE = YES;
				IPHONEOS_DEPLOYMENT_TARGET = 15.0;
				LD_RUNPATH_SEARCH_PATHS = (
					"$(inherited)",
					"@executable_path/Frameworks",
					"@loader_path/Frameworks",
				);
				MARKETING_VERSION = 1.0;
				PRODUCT_BUNDLE_IDENTIFIER = AB.bavcom.ToDoAppTests;
				PRODUCT_NAME = "$(TARGET_NAME)";
				SWIFT_EMIT_LOC_STRINGS = NO;
				SWIFT_VERSION = 5.0;
				TARGETED_DEVICE_FAMILY = "1,2";
				TEST_HOST = "$(BUILT_PRODUCTS_DIR)/ToDoApp.app/ToDoApp";
			};
			name = Debug;
		};
		0444322F2795414C0021E182 /* Release */ = {
			isa = XCBuildConfiguration;
			buildSettings = {
				ALWAYS_EMBED_SWIFT_STANDARD_LIBRARIES = YES;
				BUNDLE_LOADER = "$(TEST_HOST)";
				CODE_SIGN_STYLE = Automatic;
				CURRENT_PROJECT_VERSION = 1;
				DEVELOPMENT_TEAM = JCX8Z993GT;
				GENERATE_INFOPLIST_FILE = YES;
				IPHONEOS_DEPLOYMENT_TARGET = 15.0;
				LD_RUNPATH_SEARCH_PATHS = (
					"$(inherited)",
					"@executable_path/Frameworks",
					"@loader_path/Frameworks",
				);
				MARKETING_VERSION = 1.0;
				PRODUCT_BUNDLE_IDENTIFIER = AB.bavcom.ToDoAppTests;
				PRODUCT_NAME = "$(TARGET_NAME)";
				SWIFT_EMIT_LOC_STRINGS = NO;
				SWIFT_VERSION = 5.0;
				TARGETED_DEVICE_FAMILY = "1,2";
				TEST_HOST = "$(BUILT_PRODUCTS_DIR)/ToDoApp.app/ToDoApp";
			};
			name = Release;
		};
		044432312795414C0021E182 /* Debug */ = {
			isa = XCBuildConfiguration;
			buildSettings = {
				ALWAYS_EMBED_SWIFT_STANDARD_LIBRARIES = YES;
				CODE_SIGN_STYLE = Automatic;
				CURRENT_PROJECT_VERSION = 1;
				DEVELOPMENT_TEAM = JCX8Z993GT;
				GENERATE_INFOPLIST_FILE = YES;
				LD_RUNPATH_SEARCH_PATHS = (
					"$(inherited)",
					"@executable_path/Frameworks",
					"@loader_path/Frameworks",
				);
				MARKETING_VERSION = 1.0;
				PRODUCT_BUNDLE_IDENTIFIER = AB.bavcom.ToDoAppUITests;
				PRODUCT_NAME = "$(TARGET_NAME)";
				SWIFT_EMIT_LOC_STRINGS = NO;
				SWIFT_VERSION = 5.0;
				TARGETED_DEVICE_FAMILY = "1,2";
				TEST_TARGET_NAME = ToDoApp;
			};
			name = Debug;
		};
		044432322795414C0021E182 /* Release */ = {
			isa = XCBuildConfiguration;
			buildSettings = {
				ALWAYS_EMBED_SWIFT_STANDARD_LIBRARIES = YES;
				CODE_SIGN_STYLE = Automatic;
				CURRENT_PROJECT_VERSION = 1;
				DEVELOPMENT_TEAM = JCX8Z993GT;
				GENERATE_INFOPLIST_FILE = YES;
				LD_RUNPATH_SEARCH_PATHS = (
					"$(inherited)",
					"@executable_path/Frameworks",
					"@loader_path/Frameworks",
				);
				MARKETING_VERSION = 1.0;
				PRODUCT_BUNDLE_IDENTIFIER = AB.bavcom.ToDoAppUITests;
				PRODUCT_NAME = "$(TARGET_NAME)";
				SWIFT_EMIT_LOC_STRINGS = NO;
				SWIFT_VERSION = 5.0;
				TARGETED_DEVICE_FAMILY = "1,2";
				TEST_TARGET_NAME = ToDoApp;
			};
			name = Release;
		};
/* End XCBuildConfiguration section */

/* Begin XCConfigurationList section */
		044431FB279541440021E182 /* Build configuration list for PBXProject "ToDoApp" */ = {
			isa = XCConfigurationList;
			buildConfigurations = (
				044432282795414C0021E182 /* Debug */,
				044432292795414C0021E182 /* Release */,
			);
			defaultConfigurationIsVisible = 0;
			defaultConfigurationName = Release;
		};
		0444322A2795414C0021E182 /* Build configuration list for PBXNativeTarget "ToDoApp" */ = {
			isa = XCConfigurationList;
			buildConfigurations = (
				0444322B2795414C0021E182 /* Debug */,
				0444322C2795414C0021E182 /* Release */,
			);
			defaultConfigurationIsVisible = 0;
			defaultConfigurationName = Release;
		};
		0444322D2795414C0021E182 /* Build configuration list for PBXNativeTarget "ToDoAppTests" */ = {
			isa = XCConfigurationList;
			buildConfigurations = (
				0444322E2795414C0021E182 /* Debug */,
				0444322F2795414C0021E182 /* Release */,
			);
			defaultConfigurationIsVisible = 0;
			defaultConfigurationName = Release;
		};
		044432302795414C0021E182 /* Build configuration list for PBXNativeTarget "ToDoAppUITests" */ = {
			isa = XCConfigurationList;
			buildConfigurations = (
				044432312795414C0021E182 /* Debug */,
				044432322795414C0021E182 /* Release */,
			);
			defaultConfigurationIsVisible = 0;
			defaultConfigurationName = Release;
		};
/* End XCConfigurationList section */
	};
	rootObject = 044431F8279541440021E182 /* Project object */;
}
